
Microsoft Visual Studio Solution File, Format Version 12.00
# Visual Studio Version 17
VisualStudioVersion = 17.0.31903.59
MinimumVisualStudioVersion = 10.0.40219.1
Project("{FAE04EC0-301F-11D3-BF4B-00C04F79EFBC}") = "DEXOS.Domain", "src\DEXOS.Domain\DEXOS.Domain.csproj", "{4D5B2E7E-700E-4F4E-9814-2DDE6A8100C7}"
EndProject
Project("{FAE04EC0-301F-11D3-BF4B-00C04F79EFBC}") = "DEXOS.Application", "src\DEXOS.Application\DEXOS.Application.csproj", "{5A7DC4FA-09D7-4EC5-A470-675EAE1D2510}"
EndProject
Project("{FAE04EC0-301F-11D3-BF4B-00C04F79EFBC}") = "DEXOS.Infrastructure", "src\DEXOS.Infrastructure\DEXOS.Infrastructure.csproj", "{9BC3BDA3-8FA9-48DC-9BC7-3A1796F7009A}"
EndProject
Project("{FAE04EC0-301F-11D3-BF4B-00C04F79EFBC}") = "DEXOS.Shared", "src\DEXOS.Shared\DEXOS.Shared.csproj", "{28C1F2BA-335F-4A69-8639-778D909D045D}"
EndProject
Project("{FAE04EC0-301F-11D3-BF4B-00C04F79EFBC}") = "DEXOS.API", "src\DEXOS.API\DEXOS.API.csproj", "{F75EF7A3-A956-433A-BF7F-2D91D4B2A43A}"
EndProject
Project("{FAE04EC0-301F-11D3-BF4B-00C04F79EFBC}") = "DEXOS.Domain.Tests", "tests\DEXOS.Domain.Tests\DEXOS.Domain.Tests.csproj", "{B745A833-3F82-4C45-8068-F1474E9466FB}"
EndProject
Project("{2150E333-8FDC-42A3-9474-1A3956D46DE8}") = "src", "src", "{827E0CD3-B72D-47B6-A68D-7590B98EB39B}"
EndProject
Project("{FAE04EC0-301F-11D3-BF4B-00C04F79EFBC}") = "DEXOS.Payments", "src\DEXOS.Payments\DEXOS.Payments.csproj", "{1218C1A4-9B5F-496E-BD50-17652AA6E038}"
EndProject
Project("{FAE04EC0-301F-11D3-BF4B-00C04F79EFBC}") = "DEXOS.Inventory", "src\DEXOS.Inventory\DEXOS.Inventory.csproj", "{D3CF9B29-C885-444A-B89F-849637843C82}"
EndProject
Project("{FAE04EC0-301F-11D3-BF4B-00C04F79EFBC}") = "DEXOS.Orders", "src\DEXOS.Orders\DEXOS.Orders.csproj", "{6E0E64C1-0D16-4912-89BC-3A091A4AFDBE}"
EndProject
Project("{FAE04EC0-301F-11D3-BF4B-00C04F79EFBC}") = "DEXOS.CRM", "src\DEXOS.CRM\DEXOS.CRM.csproj", "{89DCB379-413F-477C-B539-05E91F8E9EC6}"
EndProject
Project("{FAE04EC0-301F-11D3-BF4B-00C04F79EFBC}") = "DEXOS.Reporting", "src\DEXOS.Reporting\DEXOS.Reporting.csproj", "{C4300F7D-38E1-4096-9142-B11B308C858C}"
EndProject
Project("{FAE04EC0-301F-11D3-BF4B-00C04F79EFBC}") = "DEXOS.Identity", "src\DEXOS.Identity\DEXOS.Identity.csproj", "{D56D7A91-B22B-4E1F-A5A2-452A60A1E049}"
EndProject
Project("{2150E333-8FDC-42A3-9474-1A3956D46DE8}") = "tests", "tests", "{0AB3BF05-4346-4AA6-1389-037BE0695223}"
EndProject
Project("{FAE04EC0-301F-11D3-BF4B-00C04F79EFBC}") = "DEXOS.API.IntegrationTests", "tests\DEXOS.API.IntegrationTests\DEXOS.API.IntegrationTests.csproj", "{229C0CB4-0AF6-475D-A7E1-6FF2A3F8CD13}"
EndProject
Global
	GlobalSection(SolutionConfigurationPlatforms) = preSolution
		Debug|Any CPU = Debug|Any CPU
		Debug|x64 = Debug|x64
		Debug|x86 = Debug|x86
		Release|Any CPU = Release|Any CPU
		Release|x64 = Release|x64
		Release|x86 = Release|x86
	EndGlobalSection
	GlobalSection(ProjectConfigurationPlatforms) = postSolution
		{4D5B2E7E-700E-4F4E-9814-2DDE6A8100C7}.Debug|Any CPU.ActiveCfg = Debug|Any CPU
		{4D5B2E7E-700E-4F4E-9814-2DDE6A8100C7}.Debug|Any CPU.Build.0 = Debug|Any CPU
		{4D5B2E7E-700E-4F4E-9814-2DDE6A8100C7}.Debug|x64.ActiveCfg = Debug|Any CPU
		{4D5B2E7E-700E-4F4E-9814-2DDE6A8100C7}.Debug|x64.Build.0 = Debug|Any CPU
		{4D5B2E7E-700E-4F4E-9814-2DDE6A8100C7}.Debug|x86.ActiveCfg = Debug|Any CPU
		{4D5B2E7E-700E-4F4E-9814-2DDE6A8100C7}.Debug|x86.Build.0 = Debug|Any CPU
		{4D5B2E7E-700E-4F4E-9814-2DDE6A8100C7}.Release|Any CPU.ActiveCfg = Release|Any CPU
		{4D5B2E7E-700E-4F4E-9814-2DDE6A8100C7}.Release|Any CPU.Build.0 = Release|Any CPU
		{4D5B2E7E-700E-4F4E-9814-2DDE6A8100C7}.Release|x64.ActiveCfg = Release|Any CPU
		{4D5B2E7E-700E-4F4E-9814-2DDE6A8100C7}.Release|x64.Build.0 = Release|Any CPU
		{4D5B2E7E-700E-4F4E-9814-2DDE6A8100C7}.Release|x86.ActiveCfg = Release|Any CPU
		{4D5B2E7E-700E-4F4E-9814-2DDE6A8100C7}.Release|x86.Build.0 = Release|Any CPU
		{5A7DC4FA-09D7-4EC5-A470-675EAE1D2510}.Debug|Any CPU.ActiveCfg = Debug|Any CPU
		{5A7DC4FA-09D7-4EC5-A470-675EAE1D2510}.Debug|Any CPU.Build.0 = Debug|Any CPU
		{5A7DC4FA-09D7-4EC5-A470-675EAE1D2510}.Debug|x64.ActiveCfg = Debug|Any CPU
		{5A7DC4FA-09D7-4EC5-A470-675EAE1D2510}.Debug|x64.Build.0 = Debug|Any CPU
		{5A7DC4FA-09D7-4EC5-A470-675EAE1D2510}.Debug|x86.ActiveCfg = Debug|Any CPU
		{5A7DC4FA-09D7-4EC5-A470-675EAE1D2510}.Debug|x86.Build.0 = Debug|Any CPU
		{5A7DC4FA-09D7-4EC5-A470-675EAE1D2510}.Release|Any CPU.ActiveCfg = Release|Any CPU
		{5A7DC4FA-09D7-4EC5-A470-675EAE1D2510}.Release|Any CPU.Build.0 = Release|Any CPU
		{5A7DC4FA-09D7-4EC5-A470-675EAE1D2510}.Release|x64.ActiveCfg = Release|Any CPU
		{5A7DC4FA-09D7-4EC5-A470-675EAE1D2510}.Release|x64.Build.0 = Release|Any CPU
		{5A7DC4FA-09D7-4EC5-A470-675EAE1D2510}.Release|x86.ActiveCfg = Release|Any CPU
		{5A7DC4FA-09D7-4EC5-A470-675EAE1D2510}.Release|x86.Build.0 = Release|Any CPU
		{9BC3BDA3-8FA9-48DC-9BC7-3A1796F7009A}.Debug|Any CPU.ActiveCfg = Debug|Any CPU
		{9BC3BDA3-8FA9-48DC-9BC7-3A1796F7009A}.Debug|Any CPU.Build.0 = Debug|Any CPU
		{9BC3BDA3-8FA9-48DC-9BC7-3A1796F7009A}.Debug|x64.ActiveCfg = Debug|Any CPU
		{9BC3BDA3-8FA9-48DC-9BC7-3A1796F7009A}.Debug|x64.Build.0 = Debug|Any CPU
		{9BC3BDA3-8FA9-48DC-9BC7-3A1796F7009A}.Debug|x86.ActiveCfg = Debug|Any CPU
		{9BC3BDA3-8FA9-48DC-9BC7-3A1796F7009A}.Debug|x86.Build.0 = Debug|Any CPU
		{9BC3BDA3-8FA9-48DC-9BC7-3A1796F7009A}.Release|Any CPU.ActiveCfg = Release|Any CPU
		{9BC3BDA3-8FA9-48DC-9BC7-3A1796F7009A}.Release|Any CPU.Build.0 = Release|Any CPU
		{9BC3BDA3-8FA9-48DC-9BC7-3A1796F7009A}.Release|x64.ActiveCfg = Release|Any CPU
		{9BC3BDA3-8FA9-48DC-9BC7-3A1796F7009A}.Release|x64.Build.0 = Release|Any CPU
		{9BC3BDA3-8FA9-48DC-9BC7-3A1796F7009A}.Release|x86.ActiveCfg = Release|Any CPU
		{9BC3BDA3-8FA9-48DC-9BC7-3A1796F7009A}.Release|x86.Build.0 = Release|Any CPU
		{28C1F2BA-335F-4A69-8639-778D909D045D}.Debug|Any CPU.ActiveCfg = Debug|Any CPU
		{28C1F2BA-335F-4A69-8639-778D909D045D}.Debug|Any CPU.Build.0 = Debug|Any CPU
		{28C1F2BA-335F-4A69-8639-778D909D045D}.Debug|x64.ActiveCfg = Debug|Any CPU
		{28C1F2BA-335F-4A69-8639-778D909D045D}.Debug|x64.Build.0 = Debug|Any CPU
		{28C1F2BA-335F-4A69-8639-778D909D045D}.Debug|x86.ActiveCfg = Debug|Any CPU
		{28C1F2BA-335F-4A69-8639-778D909D045D}.Debug|x86.Build.0 = Debug|Any CPU
		{28C1F2BA-335F-4A69-8639-778D909D045D}.Release|Any CPU.ActiveCfg = Release|Any CPU
		{28C1F2BA-335F-4A69-8639-778D909D045D}.Release|Any CPU.Build.0 = Release|Any CPU
		{28C1F2BA-335F-4A69-8639-778D909D045D}.Release|x64.ActiveCfg = Release|Any CPU
		{28C1F2BA-335F-4A69-8639-778D909D045D}.Release|x64.Build.0 = Release|Any CPU
		{28C1F2BA-335F-4A69-8639-778D909D045D}.Release|x86.ActiveCfg = Release|Any CPU
		{28C1F2BA-335F-4A69-8639-778D909D045D}.Release|x86.Build.0 = Release|Any CPU
		{F75EF7A3-A956-433A-BF7F-2D91D4B2A43A}.Debug|Any CPU.ActiveCfg = Debug|Any CPU
		{F75EF7A3-A956-433A-BF7F-2D91D4B2A43A}.Debug|Any CPU.Build.0 = Debug|Any CPU
		{F75EF7A3-A956-433A-BF7F-2D91D4B2A43A}.Debug|x64.ActiveCfg = Debug|Any CPU
		{F75EF7A3-A956-433A-BF7F-2D91D4B2A43A}.Debug|x64.Build.0 = Debug|Any CPU
		{F75EF7A3-A956-433A-BF7F-2D91D4B2A43A}.Debug|x86.ActiveCfg = Debug|Any CPU
		{F75EF7A3-A956-433A-BF7F-2D91D4B2A43A}.Debug|x86.Build.0 = Debug|Any CPU
		{F75EF7A3-A956-433A-BF7F-2D91D4B2A43A}.Release|Any CPU.ActiveCfg = Release|Any CPU
		{F75EF7A3-A956-433A-BF7F-2D91D4B2A43A}.Release|Any CPU.Build.0 = Release|Any CPU
		{F75EF7A3-A956-433A-BF7F-2D91D4B2A43A}.Release|x64.ActiveCfg = Release|Any CPU
		{F75EF7A3-A956-433A-BF7F-2D91D4B2A43A}.Release|x64.Build.0 = Release|Any CPU
		{F75EF7A3-A956-433A-BF7F-2D91D4B2A43A}.Release|x86.ActiveCfg = Release|Any CPU
		{F75EF7A3-A956-433A-BF7F-2D91D4B2A43A}.Release|x86.Build.0 = Release|Any CPU
		{B745A833-3F82-4C45-8068-F1474E9466FB}.Debug|Any CPU.ActiveCfg = Debug|Any CPU
		{B745A833-3F82-4C45-8068-F1474E9466FB}.Debug|Any CPU.Build.0 = Debug|Any CPU
		{B745A833-3F82-4C45-8068-F1474E9466FB}.Debug|x64.ActiveCfg = Debug|Any CPU
		{B745A833-3F82-4C45-8068-F1474E9466FB}.Debug|x64.Build.0 = Debug|Any CPU
		{B745A833-3F82-4C45-8068-F1474E9466FB}.Debug|x86.ActiveCfg = Debug|Any CPU
		{B745A833-3F82-4C45-8068-F1474E9466FB}.Debug|x86.Build.0 = Debug|Any CPU
		{B745A833-3F82-4C45-8068-F1474E9466FB}.Release|Any CPU.ActiveCfg = Release|Any CPU
		{B745A833-3F82-4C45-8068-F1474E9466FB}.Release|Any CPU.Build.0 = Release|Any CPU
		{B745A833-3F82-4C45-8068-F1474E9466FB}.Release|x64.ActiveCfg = Release|Any CPU
		{B745A833-3F82-4C45-8068-F1474E9466FB}.Release|x64.Build.0 = Release|Any CPU
		{B745A833-3F82-4C45-8068-F1474E9466FB}.Release|x86.ActiveCfg = Release|Any CPU
		{B745A833-3F82-4C45-8068-F1474E9466FB}.Release|x86.Build.0 = Release|Any CPU
		{1218C1A4-9B5F-496E-BD50-17652AA6E038}.Debug|Any CPU.ActiveCfg = Debug|Any CPU
		{1218C1A4-9B5F-496E-BD50-17652AA6E038}.Debug|Any CPU.Build.0 = Debug|Any CPU
		{1218C1A4-9B5F-496E-BD50-17652AA6E038}.Debug|x64.ActiveCfg = Debug|Any CPU
		{1218C1A4-9B5F-496E-BD50-17652AA6E038}.Debug|x64.Build.0 = Debug|Any CPU
		{1218C1A4-9B5F-496E-BD50-17652AA6E038}.Debug|x86.ActiveCfg = Debug|Any CPU
		{1218C1A4-9B5F-496E-BD50-17652AA6E038}.Debug|x86.Build.0 = Debug|Any CPU
		{1218C1A4-9B5F-496E-BD50-17652AA6E038}.Release|Any CPU.ActiveCfg = Release|Any CPU
		{1218C1A4-9B5F-496E-BD50-17652AA6E038}.Release|Any CPU.Build.0 = Release|Any CPU
		{1218C1A4-9B5F-496E-BD50-17652AA6E038}.Release|x64.ActiveCfg = Release|Any CPU
		{1218C1A4-9B5F-496E-BD50-17652AA6E038}.Release|x64.Build.0 = Release|Any CPU
		{1218C1A4-9B5F-496E-BD50-17652AA6E038}.Release|x86.ActiveCfg = Release|Any CPU
		{1218C1A4-9B5F-496E-BD50-17652AA6E038}.Release|x86.Build.0 = Release|Any CPU
		{D3CF9B29-C885-444A-B89F-849637843C82}.Debug|Any CPU.ActiveCfg = Debug|Any CPU
		{D3CF9B29-C885-444A-B89F-849637843C82}.Debug|Any CPU.Build.0 = Debug|Any CPU
		{D3CF9B29-C885-444A-B89F-849637843C82}.Debug|x64.ActiveCfg = Debug|Any CPU
		{D3CF9B29-C885-444A-B89F-849637843C82}.Debug|x64.Build.0 = Debug|Any CPU
		{D3CF9B29-C885-444A-B89F-849637843C82}.Debug|x86.ActiveCfg = Debug|Any CPU
		{D3CF9B29-C885-444A-B89F-849637843C82}.Debug|x86.Build.0 = Debug|Any CPU
		{D3CF9B29-C885-444A-B89F-849637843C82}.Release|Any CPU.ActiveCfg = Release|Any CPU
		{D3CF9B29-C885-444A-B89F-849637843C82}.Release|Any CPU.Build.0 = Release|Any CPU
		{D3CF9B29-C885-444A-B89F-849637843C82}.Release|x64.ActiveCfg = Release|Any CPU
		{D3CF9B29-C885-444A-B89F-849637843C82}.Release|x64.Build.0 = Release|Any CPU
		{D3CF9B29-C885-444A-B89F-849637843C82}.Release|x86.ActiveCfg = Release|Any CPU
		{D3CF9B29-C885-444A-B89F-849637843C82}.Release|x86.Build.0 = Release|Any CPU
		{6E0E64C1-0D16-4912-89BC-3A091A4AFDBE}.Debug|Any CPU.ActiveCfg = Debug|Any CPU
		{6E0E64C1-0D16-4912-89BC-3A091A4AFDBE}.Debug|Any CPU.Build.0 = Debug|Any CPU
		{6E0E64C1-0D16-4912-89BC-3A091A4AFDBE}.Debug|x64.ActiveCfg = Debug|Any CPU
		{6E0E64C1-0D16-4912-89BC-3A091A4AFDBE}.Debug|x64.Build.0 = Debug|Any CPU
		{6E0E64C1-0D16-4912-89BC-3A091A4AFDBE}.Debug|x86.ActiveCfg = Debug|Any CPU
		{6E0E64C1-0D16-4912-89BC-3A091A4AFDBE}.Debug|x86.Build.0 = Debug|Any CPU
		{6E0E64C1-0D16-4912-89BC-3A091A4AFDBE}.Release|Any CPU.ActiveCfg = Release|Any CPU
		{6E0E64C1-0D16-4912-89BC-3A091A4AFDBE}.Release|Any CPU.Build.0 = Release|Any CPU
		{6E0E64C1-0D16-4912-89BC-3A091A4AFDBE}.Release|x64.ActiveCfg = Release|Any CPU
		{6E0E64C1-0D16-4912-89BC-3A091A4AFDBE}.Release|x64.Build.0 = Release|Any CPU
		{6E0E64C1-0D16-4912-89BC-3A091A4AFDBE}.Release|x86.ActiveCfg = Release|Any CPU
		{6E0E64C1-0D16-4912-89BC-3A091A4AFDBE}.Release|x86.Build.0 = Release|Any CPU
		{89DCB379-413F-477C-B539-05E91F8E9EC6}.Debug|Any CPU.ActiveCfg = Debug|Any CPU
		{89DCB379-413F-477C-B539-05E91F8E9EC6}.Debug|Any CPU.Build.0 = Debug|Any CPU
		{89DCB379-413F-477C-B539-05E91F8E9EC6}.Debug|x64.ActiveCfg = Debug|Any CPU
		{89DCB379-413F-477C-B539-05E91F8E9EC6}.Debug|x64.Build.0 = Debug|Any CPU
		{89DCB379-413F-477C-B539-05E91F8E9EC6}.Debug|x86.ActiveCfg = Debug|Any CPU
		{89DCB379-413F-477C-B539-05E91F8E9EC6}.Debug|x86.Build.0 = Debug|Any CPU
		{89DCB379-413F-477C-B539-05E91F8E9EC6}.Release|Any CPU.ActiveCfg = Release|Any CPU
		{89DCB379-413F-477C-B539-05E91F8E9EC6}.Release|Any CPU.Build.0 = Release|Any CPU
		{89DCB379-413F-477C-B539-05E91F8E9EC6}.Release|x64.ActiveCfg = Release|Any CPU
		{89DCB379-413F-477C-B539-05E91F8E9EC6}.Release|x64.Build.0 = Release|Any CPU
		{89DCB379-413F-477C-B539-05E91F8E9EC6}.Release|x86.ActiveCfg = Release|Any CPU
		{89DCB379-413F-477C-B539-05E91F8E9EC6}.Release|x86.Build.0 = Release|Any CPU
		{C4300F7D-38E1-4096-9142-B11B308C858C}.Debug|Any CPU.ActiveCfg = Debug|Any CPU
		{C4300F7D-38E1-4096-9142-B11B308C858C}.Debug|Any CPU.Build.0 = Debug|Any CPU
		{C4300F7D-38E1-4096-9142-B11B308C858C}.Debug|x64.ActiveCfg = Debug|Any CPU
		{C4300F7D-38E1-4096-9142-B11B308C858C}.Debug|x64.Build.0 = Debug|Any CPU
		{C4300F7D-38E1-4096-9142-B11B308C858C}.Debug|x86.ActiveCfg = Debug|Any CPU
		{C4300F7D-38E1-4096-9142-B11B308C858C}.Debug|x86.Build.0 = Debug|Any CPU
		{C4300F7D-38E1-4096-9142-B11B308C858C}.Release|Any CPU.ActiveCfg = Release|Any CPU
		{C4300F7D-38E1-4096-9142-B11B308C858C}.Release|Any CPU.Build.0 = Release|Any CPU
		{C4300F7D-38E1-4096-9142-B11B308C858C}.Release|x64.ActiveCfg = Release|Any CPU
		{C4300F7D-38E1-4096-9142-B11B308C858C}.Release|x64.Build.0 = Release|Any CPU
		{C4300F7D-38E1-4096-9142-B11B308C858C}.Release|x86.ActiveCfg = Release|Any CPU
		{C4300F7D-38E1-4096-9142-B11B308C858C}.Release|x86.Build.0 = Release|Any CPU
		{D56D7A91-B22B-4E1F-A5A2-452A60A1E049}.Debug|Any CPU.ActiveCfg = Debug|Any CPU
		{D56D7A91-B22B-4E1F-A5A2-452A60A1E049}.Debug|Any CPU.Build.0 = Debug|Any CPU
		{D56D7A91-B22B-4E1F-A5A2-452A60A1E049}.Debug|x64.ActiveCfg = Debug|Any CPU
		{D56D7A91-B22B-4E1F-A5A2-452A60A1E049}.Debug|x64.Build.0 = Debug|Any CPU
		{D56D7A91-B22B-4E1F-A5A2-452A60A1E049}.Debug|x86.ActiveCfg = Debug|Any CPU
		{D56D7A91-B22B-4E1F-A5A2-452A60A1E049}.Debug|x86.Build.0 = Debug|Any CPU
		{D56D7A91-B22B-4E1F-A5A2-452A60A1E049}.Release|Any CPU.ActiveCfg = Release|Any CPU
		{D56D7A91-B22B-4E1F-A5A2-452A60A1E049}.Release|Any CPU.Build.0 = Release|Any CPU
		{D56D7A91-B22B-4E1F-A5A2-452A60A1E049}.Release|x64.ActiveCfg = Release|Any CPU
		{D56D7A91-B22B-4E1F-A5A2-452A60A1E049}.Release|x64.Build.0 = Release|Any CPU
		{D56D7A91-B22B-4E1F-A5A2-452A60A1E049}.Release|x86.ActiveCfg = Release|Any CPU
		{D56D7A91-B22B-4E1F-A5A2-452A60A1E049}.Release|x86.Build.0 = Release|Any CPU
		{229C0CB4-0AF6-475D-A7E1-6FF2A3F8CD13}.Debug|Any CPU.ActiveCfg = Debug|Any CPU
		{229C0CB4-0AF6-475D-A7E1-6FF2A3F8CD13}.Debug|Any CPU.Build.0 = Debug|Any CPU
		{229C0CB4-0AF6-475D-A7E1-6FF2A3F8CD13}.Debug|x64.ActiveCfg = Debug|Any CPU
		{229C0CB4-0AF6-475D-A7E1-6FF2A3F8CD13}.Debug|x64.Build.0 = Debug|Any CPU
		{229C0CB4-0AF6-475D-A7E1-6FF2A3F8CD13}.Debug|x86.ActiveCfg = Debug|Any CPU
		{229C0CB4-0AF6-475D-A7E1-6FF2A3F8CD13}.Debug|x86.Build.0 = Debug|Any CPU
		{229C0CB4-0AF6-475D-A7E1-6FF2A3F8CD13}.Release|Any CPU.ActiveCfg = Release|Any CPU
		{229C0CB4-0AF6-475D-A7E1-6FF2A3F8CD13}.Release|Any CPU.Build.0 = Release|Any CPU
		{229C0CB4-0AF6-475D-A7E1-6FF2A3F8CD13}.Release|x64.ActiveCfg = Release|Any CPU
		{229C0CB4-0AF6-475D-A7E1-6FF2A3F8CD13}.Release|x64.Build.0 = Release|Any CPU
		{229C0CB4-0AF6-475D-A7E1-6FF2A3F8CD13}.Release|x86.ActiveCfg = Release|Any CPU
		{229C0CB4-0AF6-475D-A7E1-6FF2A3F8CD13}.Release|x86.Build.0 = Release|Any CPU
	EndGlobalSection
	GlobalSection(SolutionProperties) = preSolution
		HideSolutionNode = FALSE
	EndGlobalSection
	GlobalSection(NestedProjects) = preSolution
		{1218C1A4-9B5F-496E-BD50-17652AA6E038} = {827E0CD3-B72D-47B6-A68D-7590B98EB39B}
		{D3CF9B29-C885-444A-B89F-849637843C82} = {827E0CD3-B72D-47B6-A68D-7590B98EB39B}
		{6E0E64C1-0D16-4912-89BC-3A091A4AFDBE} = {827E0CD3-B72D-47B6-A68D-7590B98EB39B}
		{89DCB379-413F-477C-B539-05E91F8E9EC6} = {827E0CD3-B72D-47B6-A68D-7590B98EB39B}
		{C4300F7D-38E1-4096-9142-B11B308C858C} = {827E0CD3-B72D-47B6-A68D-7590B98EB39B}
		{D56D7A91-B22B-4E1F-A5A2-452A60A1E049} = {827E0CD3-B72D-47B6-A68D-7590B98EB39B}
		{229C0CB4-0AF6-475D-A7E1-6FF2A3F8CD13} = {0AB3BF05-4346-4AA6-1389-037BE0695223}
	EndGlobalSection
EndGlobal
